PODS:
  - CocoaAsyncSocket (7.6.5)
  - Flutter (1.0.0)
  - OCMock (3.6)
  - patrol (0.0.1):
    - CocoaAsyncSocket (~> 7.6)
    - Flutter
    - FlutterMacOS

DEPENDENCIES:
  - Flutter (from `Flutter`)
  - OCMock (= 3.6)
  - patrol (from `.symlinks/plugins/patrol/darwin`)

SPEC REPOS:
  trunk:
    - CocoaAsyncSocket
    - OCMock

EXTERNAL SOURCES:
  Flutter:
    :path: Flutter
  patrol:
    :path: ".symlinks/plugins/patrol/darwin"

SPEC CHECKSUMS:
  CocoaAsyncSocket: 065fd1e645c7abab64f7a6a2007a48038fdc6a99
  Flutter: e0871f40cf51350855a761d2e70bf5af5b9b5de7
  OCMock: 5ea90566be239f179ba766fd9fbae5885040b992
  patrol: 51b76cc7c11a2933ee3e72482d930c75b9d4ec73

PODFILE CHECKSUM: 2fac70ef5212a738d3e6dd688a655571d8ec3c6e

COCOAPODS: 1.16.2
