PODS:
  - Flutter (1.0.0)
  - Luciq (19.2.0)
  - luciq_flutter (19.0.0):
    - Flutter
    - Luciq (= 19.2.0)

DEPENDENCIES:
  - Flutter (from `Flutter`)
  - luciq_flutter (from `.symlinks/plugins/luciq_flutter/ios`)

SPEC REPOS:
  trunk:
    - Luciq

EXTERNAL SOURCES:
  Flutter:
    :path: Flutter
  luciq_flutter:
    :path: ".symlinks/plugins/luciq_flutter/ios"

SPEC CHECKSUMS:
  Flutter: cabc95a1d2626b1b06e7179b784ebcf0c0cde467
  Luciq: 7c99d17c0cdfb7a90fd1df26733cd82042462e6b
  luciq_flutter: 79fabe04e0439096b9052dabb78c092441feb06c

PODFILE CHECKSUM: 94f53e8d6b63b5d45710485b9afa0e55e8e7e4fb

COCOAPODS: 1.16.2
