PODS:
  - Flutter (1.0.0)
  - Luciq (19.6.1)
  - luciq_flutter (19.6.0):
    - Flutter
    - Luciq (= 19.6.1)

DEPENDENCIES:
  - Flutter (from `Flutter`)
  - luciq_flutter (from `.symlinks/plugins/luciq_flutter/ios`)

SPEC REPOS:
  trunk:
    - Luciq

EXTERNAL SOURCES:
  Flutter:
    :path: Flutter
  luciq_flutter:
    :path: ".symlinks/plugins/luciq_flutter/ios"

SPEC CHECKSUMS:
  Flutter: cabc95a1d2626b1b06e7179b784ebcf0c0cde467
  Luciq: 361be18eb534f77063a4df4b64e73a8ff31a60ad
  luciq_flutter: f5428c8b2cec44ced001719990b4097d066832e4

PODFILE CHECKSUM: 94f53e8d6b63b5d45710485b9afa0e55e8e7e4fb

COCOAPODS: 1.16.2
