PODS:
  - Flutter (1.0.0)
  - Luciq (19.3.0)
  - luciq_flutter (19.1.0):
    - Flutter
    - Luciq (= 19.3.0)

DEPENDENCIES:
  - Flutter (from `Flutter`)
  - luciq_flutter (from `.symlinks/plugins/luciq_flutter/ios`)

SPEC REPOS:
  trunk:
    - Luciq

EXTERNAL SOURCES:
  Flutter:
    :path: Flutter
  luciq_flutter:
    :path: ".symlinks/plugins/luciq_flutter/ios"

SPEC CHECKSUMS:
  Flutter: cabc95a1d2626b1b06e7179b784ebcf0c0cde467
  Luciq: 284cbf278a471929c2080547ee521dc06bf7f32c
  luciq_flutter: 04ceb9d140efcaae3276c5f3405ededfc4c96ebb

PODFILE CHECKSUM: 94f53e8d6b63b5d45710485b9afa0e55e8e7e4fb

COCOAPODS: 1.16.2
