PODS:
  - Flutter (1.0.0)
  - Instabug (16.0.2)
  - luciq_flutter (16.0.1):
    - Flutter
    - Instabug (= 16.0.2)

DEPENDENCIES:
  - Flutter (from `Flutter`)
  - luciq_flutter (from `.symlinks/plugins/luciq_flutter/ios`)

SPEC REPOS:
  trunk:
    - Instabug

EXTERNAL SOURCES:
  Flutter:
    :path: Flutter
  luciq_flutter:
    :path: ".symlinks/plugins/luciq_flutter/ios"

SPEC CHECKSUMS:
  Flutter: e0871f40cf51350855a761d2e70bf5af5b9b5de7
  Instabug: 125f729dea4e4a43e815ae06f9db0332e2a5fd60
  luciq_flutter: 19eef3e1d3c3f79cc8f86f0346b107d9304326f1

PODFILE CHECKSUM: c1fe4523a8171a94fbcc760d65f59a67f3a2c60b

COCOAPODS: 1.16.2
